
Microsoft Visual Studio Solution File, Format Version 12.00
# Visual Studio Version 17
VisualStudioVersion = 17.6.33815.320
MinimumVisualStudioVersion = 10.0.40219.1
Project("{FAE04EC0-301F-11D3-BF4B-00C04F79EFBC}") = "Jaime-Felix-PII-GUI-Laboratorio", "Jaime-Felix-PII-GUI-Laboratorio\Jaime-Felix-PII-GUI-Laboratorio.csproj", "{0C033756-309B-484B-99C9-263E9E513C40}"
EndProject
Global
	GlobalSection(SolutionConfigurationPlatforms) = preSolution
		Debug|Any CPU = Debug|Any CPU
		Release|Any CPU = Release|Any CPU
	EndGlobalSection
	GlobalSection(ProjectConfigurationPlatforms) = postSolution
		{0C033756-309B-484B-99C9-263E9E513C40}.Debug|Any CPU.ActiveCfg = Debug|Any CPU
		{0C033756-309B-484B-99C9-263E9E513C40}.Debug|Any CPU.Build.0 = Debug|Any CPU
		{0C033756-309B-484B-99C9-263E9E513C40}.Release|Any CPU.ActiveCfg = Release|Any CPU
		{0C033756-309B-484B-99C9-263E9E513C40}.Release|Any CPU.Build.0 = Release|Any CPU
	EndGlobalSection
	GlobalSection(SolutionProperties) = preSolution
		HideSolutionNode = FALSE
	EndGlobalSection
	GlobalSection(ExtensibilityGlobals) = postSolution
		SolutionGuid = {BB5AED0C-8824-42BE-B940-5059E7B31903}
	EndGlobalSection
EndGlobal
